
Microsoft Visual Studio Solution File, Format Version 12.00
# Visual Studio Version 16
VisualStudioVersion = 16.0.31702.278
MinimumVisualStudioVersion = 10.0.40219.1
Project("{FAE04EC0-301F-11D3-BF4B-00C04F79EFBC}") = "Calcular_Precio", "Calcular_Precio\Calcular_Precio.csproj", "{17F6E152-8228-454C-BBCA-6D35BF336B25}"
EndProject
Global
	GlobalSection(SolutionConfigurationPlatforms) = preSolution
		Debug|Any CPU = Debug|Any CPU
		Release|Any CPU = Release|Any CPU
	EndGlobalSection
	GlobalSection(ProjectConfigurationPlatforms) = postSolution
		{17F6E152-8228-454C-BBCA-6D35BF336B25}.Debug|Any CPU.ActiveCfg = Debug|Any CPU
		{17F6E152-8228-454C-BBCA-6D35BF336B25}.Debug|Any CPU.Build.0 = Debug|Any CPU
		{17F6E152-8228-454C-BBCA-6D35BF336B25}.Release|Any CPU.ActiveCfg = Release|Any CPU
		{17F6E152-8228-454C-BBCA-6D35BF336B25}.Release|Any CPU.Build.0 = Release|Any CPU
	EndGlobalSection
	GlobalSection(SolutionProperties) = preSolution
		HideSolutionNode = FALSE
	EndGlobalSection
	GlobalSection(ExtensibilityGlobals) = postSolution
		SolutionGuid = {6C3CABD4-1589-44B7-8C0B-D9F205AE777F}
	EndGlobalSection
EndGlobal
